
Microsoft Visual Studio Solution File, Format Version 12.00
# Visual Studio Version 16
VisualStudioVersion = 16.0.31605.320
MinimumVisualStudioVersion = 10.0.40219.1
Project("{FAE04EC0-301F-11D3-BF4B-00C04F79EFBC}") = "CMPG213_Feeling_Brew", "CMPG213_Feeling_Brew\CMPG213_Feeling_Brew.csproj", "{A1676EA0-6D33-43FC-B7D9-09A119128D7A}"
EndProject
Global
	GlobalSection(SolutionConfigurationPlatforms) = preSolution
		Debug|Any CPU = Debug|Any CPU
		Release|Any CPU = Release|Any CPU
	EndGlobalSection
	GlobalSection(ProjectConfigurationPlatforms) = postSolution
		{A1676EA0-6D33-43FC-B7D9-09A119128D7A}.Debug|Any CPU.ActiveCfg = Debug|Any CPU
		{A1676EA0-6D33-43FC-B7D9-09A119128D7A}.Debug|Any CPU.Build.0 = Debug|Any CPU
		{A1676EA0-6D33-43FC-B7D9-09A119128D7A}.Release|Any CPU.ActiveCfg = Release|Any CPU
		{A1676EA0-6D33-43FC-B7D9-09A119128D7A}.Release|Any CPU.Build.0 = Release|Any CPU
	EndGlobalSection
	GlobalSection(SolutionProperties) = preSolution
		HideSolutionNode = FALSE
	EndGlobalSection
	GlobalSection(ExtensibilityGlobals) = postSolution
		SolutionGuid = {C34EA767-CB3F-4350-ACB4-38F9220CE527}
	EndGlobalSection
EndGlobal
